
Microsoft Visual Studio Solution File, Format Version 12.00
# Visual Studio Version 17
VisualStudioVersion = 17.14.36212.18
MinimumVisualStudioVersion = 10.0.40219.1
Project("{FAE04EC0-301F-11D3-BF4B-00C04F79EFBC}") = "chap02", "chap02\chap02.csproj", "{D152D608-93D5-47F1-821B-3154D0DAD980}"
EndProject
Project("{FAE04EC0-301F-11D3-BF4B-00C04F79EFBC}") = "win02", "win02\win02.csproj", "{F68E5769-7B4E-425E-989E-97469CE0FFE2}"
EndProject
Global
	GlobalSection(SolutionConfigurationPlatforms) = preSolution
		Debug|Any CPU = Debug|Any CPU
		Release|Any CPU = Release|Any CPU
	EndGlobalSection
	GlobalSection(ProjectConfigurationPlatforms) = postSolution
		{D152D608-93D5-47F1-821B-3154D0DAD980}.Debug|Any CPU.ActiveCfg = Debug|Any CPU
		{D152D608-93D5-47F1-821B-3154D0DAD980}.Debug|Any CPU.Build.0 = Debug|Any CPU
		{D152D608-93D5-47F1-821B-3154D0DAD980}.Release|Any CPU.ActiveCfg = Release|Any CPU
		{D152D608-93D5-47F1-821B-3154D0DAD980}.Release|Any CPU.Build.0 = Release|Any CPU
		{F68E5769-7B4E-425E-989E-97469CE0FFE2}.Debug|Any CPU.ActiveCfg = Debug|Any CPU
		{F68E5769-7B4E-425E-989E-97469CE0FFE2}.Debug|Any CPU.Build.0 = Debug|Any CPU
		{F68E5769-7B4E-425E-989E-97469CE0FFE2}.Release|Any CPU.ActiveCfg = Release|Any CPU
		{F68E5769-7B4E-425E-989E-97469CE0FFE2}.Release|Any CPU.Build.0 = Release|Any CPU
	EndGlobalSection
	GlobalSection(SolutionProperties) = preSolution
		HideSolutionNode = FALSE
	EndGlobalSection
	GlobalSection(ExtensibilityGlobals) = postSolution
		SolutionGuid = {91F35BC0-C8C3-41F0-8A6D-9B9528FA0F44}
	EndGlobalSection
EndGlobal
