
Microsoft Visual Studio Solution File, Format Version 12.00
# Visual Studio Version 17
VisualStudioVersion = 17.14.36212.18
MinimumVisualStudioVersion = 10.0.40219.1
Project("{FAE04EC0-301F-11D3-BF4B-00C04F79EFBC}") = "winform", "winform\winform.csproj", "{C5DF7D82-6A6D-4273-938E-1C4593B9B4BE}"
EndProject
Project("{FAE04EC0-301F-11D3-BF4B-00C04F79EFBC}") = "WinFormsApp1", "WinFormsApp1\WinFormsApp1.csproj", "{6B01B6C5-3E32-4650-B3BC-EE7C264E478F}"
EndProject
Global
	GlobalSection(SolutionConfigurationPlatforms) = preSolution
		Debug|Any CPU = Debug|Any CPU
		Release|Any CPU = Release|Any CPU
	EndGlobalSection
	GlobalSection(ProjectConfigurationPlatforms) = postSolution
		{C5DF7D82-6A6D-4273-938E-1C4593B9B4BE}.Debug|Any CPU.ActiveCfg = Debug|Any CPU
		{C5DF7D82-6A6D-4273-938E-1C4593B9B4BE}.Debug|Any CPU.Build.0 = Debug|Any CPU
		{C5DF7D82-6A6D-4273-938E-1C4593B9B4BE}.Release|Any CPU.ActiveCfg = Release|Any CPU
		{C5DF7D82-6A6D-4273-938E-1C4593B9B4BE}.Release|Any CPU.Build.0 = Release|Any CPU
		{6B01B6C5-3E32-4650-B3BC-EE7C264E478F}.Debug|Any CPU.ActiveCfg = Debug|Any CPU
		{6B01B6C5-3E32-4650-B3BC-EE7C264E478F}.Debug|Any CPU.Build.0 = Debug|Any CPU
		{6B01B6C5-3E32-4650-B3BC-EE7C264E478F}.Release|Any CPU.ActiveCfg = Release|Any CPU
		{6B01B6C5-3E32-4650-B3BC-EE7C264E478F}.Release|Any CPU.Build.0 = Release|Any CPU
	EndGlobalSection
	GlobalSection(SolutionProperties) = preSolution
		HideSolutionNode = FALSE
	EndGlobalSection
	GlobalSection(ExtensibilityGlobals) = postSolution
		SolutionGuid = {1CF723EC-C3E8-41EE-A674-FE204EA16BD4}
	EndGlobalSection
EndGlobal
